{
    "requires": true,
    "lockfileVersion": 1,
    "dependencies": {
        "vue": {
            "version": "2.6.12",
            "resolved": "https://registry.npmjs.org/vue/-/vue-2.6.12.tgz",
            "integrity": "sha512-uhmLFETqPPNyuLLbsKz6ioJ4q7AZHzD8ZVFNATNyICSZouqP2Sz0rotWQC8UNBF6VGSCs5abnKJoStA6JbCbfg=="
        },
        "vuetify": {
            "version": "2.3.15",
            "resolved": "https://registry.npmjs.org/vuetify/-/vuetify-2.3.15.tgz",
            "integrity": "sha512-YVJN/ld60S2mmFCKxoVFkB8X2kmuLT0E28ql4kr8HQUeCYdK8axoca/N8ZIP1hFH4NIz392f0nVpZKS4ZFZBVA=="
        }
    }
}
